# This file is automatically @generated by Cargo.
# It is not intended for manual editing.
version = 3

[[package]]
name = "ia_devices"
version = "0.1.0"

[[package]]
name = "ia_home"
version = "0.1.0"
dependencies = [
 "ia_devices",
]

[[package]]
name = "rust_stud2"
version = "0.1.0"
dependencies = [
 "ia_devices",
 "ia_home",
]
